
Microsoft Visual Studio Solution File, Format Version 11.00
# Visual Studio 2010
Project("{FAE04EC0-301F-11D3-BF4B-00C04F79EFBC}") = "TestGadget", "TestGadget\TestGadget.csproj", "{33FE82B0-FABF-4C13-880E-0084675E0960}"
EndProject
Project("{FAE04EC0-301F-11D3-BF4B-00C04F79EFBC}") = "TestGadget.Web", "TestGadget.Web\TestGadget.Web.csproj", "{0042810B-ECD9-4853-9159-21B04EEC7792}"
EndProject
Global
	GlobalSection(SolutionConfigurationPlatforms) = preSolution
		Debug|Any CPU = Debug|Any CPU
		Release|Any CPU = Release|Any CPU
	EndGlobalSection
	GlobalSection(ProjectConfigurationPlatforms) = postSolution
		{33FE82B0-FABF-4C13-880E-0084675E0960}.Debug|Any CPU.ActiveCfg = Debug|Any CPU
		{33FE82B0-FABF-4C13-880E-0084675E0960}.Debug|Any CPU.Build.0 = Debug|Any CPU
		{33FE82B0-FABF-4C13-880E-0084675E0960}.Release|Any CPU.ActiveCfg = Release|Any CPU
		{33FE82B0-FABF-4C13-880E-0084675E0960}.Release|Any CPU.Build.0 = Release|Any CPU
		{0042810B-ECD9-4853-9159-21B04EEC7792}.Debug|Any CPU.ActiveCfg = Debug|Any CPU
		{0042810B-ECD9-4853-9159-21B04EEC7792}.Debug|Any CPU.Build.0 = Debug|Any CPU
		{0042810B-ECD9-4853-9159-21B04EEC7792}.Release|Any CPU.ActiveCfg = Release|Any CPU
		{0042810B-ECD9-4853-9159-21B04EEC7792}.Release|Any CPU.Build.0 = Release|Any CPU
	EndGlobalSection
	GlobalSection(SolutionProperties) = preSolution
		HideSolutionNode = FALSE
	EndGlobalSection
EndGlobal
