
Microsoft Visual Studio Solution File, Format Version 10.00
# Visual Studio 2008
Project("{FAE04EC0-301F-11D3-BF4B-00C04F79EFBC}") = "MobileRC_POC", "MobileRC_POC\MobileRC_POC.csproj", "{526A82E0-5BCF-4294-97AD-EDED43F93C57}"
EndProject
Project("{B900F1C2-3D47-4FEC-85B3-04AAF18C3634}") = "MobileRCInstaller", "MobileRCInstaller\MobileRCInstaller.vddproj", "{0823A0BA-9BDA-449C-86C9-A52E1B74177C}"
EndProject
Global
	GlobalSection(SolutionConfigurationPlatforms) = preSolution
		Debug|Any CPU = Debug|Any CPU
		Release|Any CPU = Release|Any CPU
	EndGlobalSection
	GlobalSection(ProjectConfigurationPlatforms) = postSolution
		{526A82E0-5BCF-4294-97AD-EDED43F93C57}.Debug|Any CPU.ActiveCfg = Debug|Any CPU
		{526A82E0-5BCF-4294-97AD-EDED43F93C57}.Debug|Any CPU.Build.0 = Debug|Any CPU
		{526A82E0-5BCF-4294-97AD-EDED43F93C57}.Debug|Any CPU.Deploy.0 = Debug|Any CPU
		{526A82E0-5BCF-4294-97AD-EDED43F93C57}.Release|Any CPU.ActiveCfg = Release|Any CPU
		{526A82E0-5BCF-4294-97AD-EDED43F93C57}.Release|Any CPU.Build.0 = Release|Any CPU
		{526A82E0-5BCF-4294-97AD-EDED43F93C57}.Release|Any CPU.Deploy.0 = Release|Any CPU
		{0823A0BA-9BDA-449C-86C9-A52E1B74177C}.Debug|Any CPU.ActiveCfg = Debug
		{0823A0BA-9BDA-449C-86C9-A52E1B74177C}.Release|Any CPU.ActiveCfg = Release
	EndGlobalSection
	GlobalSection(SolutionProperties) = preSolution
		HideSolutionNode = FALSE
	EndGlobalSection
EndGlobal
