
Microsoft Visual Studio Solution File, Format Version 10.00
# Visual Studio 2008
Project("{8BC9CEB8-8B4A-11D0-8D11-00A0C91BC942}") = "Faolan-auth-mysql", "Faolan.vcproj", "{3EACAF94-4DE5-4116-8E7D-50B12C684510}"
EndProject
Project("{8BC9CEB8-8B4A-11D0-8D11-00A0C91BC942}") = "Faolan-char-mysql", "..\Faolan-char-mysql\Faolan-char-mysql.vcproj", "{DC00D144-97D4-4BF1-9A44-0FD3D3D53863}"
EndProject
Global
	GlobalSection(SolutionConfigurationPlatforms) = preSolution
		Debug|Win32 = Debug|Win32
		Release|Win32 = Release|Win32
	EndGlobalSection
	GlobalSection(ProjectConfigurationPlatforms) = postSolution
		{3EACAF94-4DE5-4116-8E7D-50B12C684510}.Debug|Win32.ActiveCfg = Debug|Win32
		{3EACAF94-4DE5-4116-8E7D-50B12C684510}.Debug|Win32.Build.0 = Debug|Win32
		{3EACAF94-4DE5-4116-8E7D-50B12C684510}.Release|Win32.ActiveCfg = Release|Win32
		{3EACAF94-4DE5-4116-8E7D-50B12C684510}.Release|Win32.Build.0 = Release|Win32
		{DC00D144-97D4-4BF1-9A44-0FD3D3D53863}.Debug|Win32.ActiveCfg = Debug|Win32
		{DC00D144-97D4-4BF1-9A44-0FD3D3D53863}.Debug|Win32.Build.0 = Debug|Win32
		{DC00D144-97D4-4BF1-9A44-0FD3D3D53863}.Release|Win32.ActiveCfg = Release|Win32
		{DC00D144-97D4-4BF1-9A44-0FD3D3D53863}.Release|Win32.Build.0 = Release|Win32
	EndGlobalSection
	GlobalSection(SolutionProperties) = preSolution
		HideSolutionNode = FALSE
	EndGlobalSection
EndGlobal
